
Microsoft Visual Studio Solution File, Format Version 10.00
# Visual C++ Express 2008
Project("{8BC9CEB8-8B4A-11D0-8D11-00A0C91BC942}") = "school-battleship", "school-battleship.vcproj", "{D0B805B7-F3E7-42EE-AE0B-AD40E3570F6C}"
EndProject
Global
	GlobalSection(SolutionConfigurationPlatforms) = preSolution
		Debug|Win32 = Debug|Win32
		Release|Win32 = Release|Win32
	EndGlobalSection
	GlobalSection(ProjectConfigurationPlatforms) = postSolution
		{D0B805B7-F3E7-42EE-AE0B-AD40E3570F6C}.Debug|Win32.ActiveCfg = Debug|Win32
		{D0B805B7-F3E7-42EE-AE0B-AD40E3570F6C}.Debug|Win32.Build.0 = Debug|Win32
		{D0B805B7-F3E7-42EE-AE0B-AD40E3570F6C}.Release|Win32.ActiveCfg = Release|Win32
		{D0B805B7-F3E7-42EE-AE0B-AD40E3570F6C}.Release|Win32.Build.0 = Release|Win32
	EndGlobalSection
	GlobalSection(SolutionProperties) = preSolution
		HideSolutionNode = FALSE
	EndGlobalSection
EndGlobal
